# THIS IS AN AUTOGENERATED FILE. DO NOT EDIT THIS FILE DIRECTLY.
# yarn lockfile v1


dotenv@^16.1.4:
  version "16.1.4"
  resolved "https://registry.yarnpkg.com/dotenv/-/dotenv-16.1.4.tgz#67ac1a10cd9c25f5ba604e4e08bc77c0ebe0ca8c"
  integrity sha512-m55RtE8AsPeJBpOIFKihEmqUcoVncQIwo7x9U8ZwLEZw9ZpXboz2c+rvog+jUaJvVrZ5kBOeYQBX5+8Aa/OZQw==

node-cron@^3.0.2:
  version "3.0.2"
  resolved "https://registry.yarnpkg.com/node-cron/-/node-cron-3.0.2.tgz#bb0681342bd2dfb568f28e464031280e7f06bd01"
  integrity sha512-iP8l0yGlNpE0e6q1o185yOApANRe47UPbLf4YxfbiNHt/RU5eBcGB/e0oudruheSf+LQeDMezqC5BVAb5wwRcQ==
  dependencies:
    uuid "8.3.2"

playwright-core@1.34.3:
  version "1.34.3"
  resolved "https://registry.yarnpkg.com/playwright-core/-/playwright-core-1.34.3.tgz#bc906ea1b26bb66116ce329436ee59ba2e78fe9f"
  integrity sha512-2pWd6G7OHKemc5x1r1rp8aQcpvDh7goMBZlJv6Co5vCNLVcQJdhxRL09SGaY6HcyHH9aT4tiynZabMofVasBYw==

playwright@^1.34.3:
  version "1.34.3"
  resolved "https://registry.yarnpkg.com/playwright/-/playwright-1.34.3.tgz#6dca584e52e3ebc3392435c8dadf4953c792f016"
  integrity sha512-UOOVE4ZbGfGkP1KVqWTdXOmm8Pw2pBhfbmlqKMkpiRCQjL5W+J+xRQXpgutFr0iM4pWl8g0GyyASMsqjQfFohw==
  dependencies:
    playwright-core "1.34.3"

uuid@8.3.2:
  version "8.3.2"
  resolved "https://registry.yarnpkg.com/uuid/-/uuid-8.3.2.tgz#80d5b5ced271bb9af6c445f21a1a04c606cefbe2"
  integrity sha512-+NYs2QeMWy+GWFOEm9xnn6HCDp0l7QBD7ml8zLUmJ+93Q5NF0NocErnwkTkXVFNiX3/fpC6afS8Dhb/gz7R7eg==
